
Microsoft Visual Studio Solution File, Format Version 12.00
# Visual Studio 15
VisualStudioVersion = 15.0.28307.136
MinimumVisualStudioVersion = 10.0.40219.1
Project("{FAE04EC0-301F-11D3-BF4B-00C04F79EFBC}") = "WPFSimpleCalorieCounter", "SimpleCalorieCounter\WPFSimpleCalorieCounter.csproj", "{098E7830-D167-4907-8A9D-BD85B6D69FBF}"
EndProject
Project("{FAE04EC0-301F-11D3-BF4B-00C04F79EFBC}") = "ClassLibrary1", "ClassLibrary1\ClassLibrary1.csproj", "{36E18146-3216-4F09-AF98-DEE52AB50E15}"
EndProject
Global
	GlobalSection(SolutionConfigurationPlatforms) = preSolution
		Debug|Any CPU = Debug|Any CPU
		Release|Any CPU = Release|Any CPU
	EndGlobalSection
	GlobalSection(ProjectConfigurationPlatforms) = postSolution
		{098E7830-D167-4907-8A9D-BD85B6D69FBF}.Debug|Any CPU.ActiveCfg = Debug|Any CPU
		{098E7830-D167-4907-8A9D-BD85B6D69FBF}.Debug|Any CPU.Build.0 = Debug|Any CPU
		{098E7830-D167-4907-8A9D-BD85B6D69FBF}.Release|Any CPU.ActiveCfg = Release|Any CPU
		{098E7830-D167-4907-8A9D-BD85B6D69FBF}.Release|Any CPU.Build.0 = Release|Any CPU
		{36E18146-3216-4F09-AF98-DEE52AB50E15}.Debug|Any CPU.ActiveCfg = Debug|Any CPU
		{36E18146-3216-4F09-AF98-DEE52AB50E15}.Debug|Any CPU.Build.0 = Debug|Any CPU
		{36E18146-3216-4F09-AF98-DEE52AB50E15}.Release|Any CPU.ActiveCfg = Release|Any CPU
		{36E18146-3216-4F09-AF98-DEE52AB50E15}.Release|Any CPU.Build.0 = Release|Any CPU
	EndGlobalSection
	GlobalSection(SolutionProperties) = preSolution
		HideSolutionNode = FALSE
	EndGlobalSection
	GlobalSection(ExtensibilityGlobals) = postSolution
		SolutionGuid = {75C3D767-A674-4C8A-B860-09E89AF01E97}
	EndGlobalSection
EndGlobal
